{
  "name": "@brendangooch/container",
  "version": "2.0.0",
  "lockfileVersion": 3,
  "requires": true,
  "packages": {
    "": {
      "name": "@brendangooch/container",
      "version": "2.0.0",
      "license": "MIT",
      "dependencies": {
        "@brendangooch/maths": "^1.3.1"
      },
      "devDependencies": {
        "typescript": "^5.4.5"
      }
    },
    "node_modules/@brendangooch/maths": {
      "version": "1.3.1",
      "resolved": "https://registry.npmjs.org/@brendangooch/maths/-/maths-1.3.1.tgz",
      "integrity": "sha512-FR3SoFsM8FibWl6WB4ddqonih+caLRpF/8O8eLfw7A738nEgvh7ESStAMwzW664P3Sfx6ycshjlJuX0grxvgdw==",
      "license": "MIT"
    },
    "node_modules/typescript": {
      "version": "5.4.5",
      "resolved": "https://registry.npmjs.org/typescript/-/typescript-5.4.5.tgz",
      "integrity": "sha512-vcI4UpRgg81oIRUFwR0WSIHKt11nJ7SAVlYNIu+QpqeyXP+gpQJy/Z4+F0aGxSE4MqwjyXvW/TzgkLAx2AGHwQ==",
      "dev": true,
      "license": "Apache-2.0",
      "bin": {
        "tsc": "bin/tsc",
        "tsserver": "bin/tsserver"
      },
      "engines": {
        "node": ">=14.17"
      }
    }
  }
}
